Microsoft Visual Studio Solution File, Format Version 12.00
# Visual Studio Version 17
VisualStudioVersion = 17.5.2.0
MinimumVisualStudioVersion = 10.0.40219.1
Project("{FAE04EC0-301F-11D3-BF4B-00C04F79EFBC}") = "RubricasApp.Web", "RubricasApp.Web.csproj", "{AE36C69A-5720-E104-C4B4-76D40D06A036}"
EndProject
Global
	GlobalSection(SolutionConfigurationPlatforms) = preSolution
		Debug|Any CPU = Debug|Any CPU
		Release|Any CPU = Release|Any CPU
	EndGlobalSection
	GlobalSection(ProjectConfigurationPlatforms) = postSolution
		{AE36C69A-5720-E104-C4B4-76D40D06A036}.Debug|Any CPU.ActiveCfg = Debug|Any CPU
		{AE36C69A-5720-E104-C4B4-76D40D06A036}.Debug|Any CPU.Build.0 = Debug|Any CPU
		{AE36C69A-5720-E104-C4B4-76D40D06A036}.Release|Any CPU.ActiveCfg = Release|Any CPU
		{AE36C69A-5720-E104-C4B4-76D40D06A036}.Release|Any CPU.Build.0 = Release|Any CPU
	EndGlobalSection
	GlobalSection(SolutionProperties) = preSolution
		HideSolutionNode = FALSE
	EndGlobalSection
	GlobalSection(ExtensibilityGlobals) = postSolution
		SolutionGuid = {F0339E5A-9B05-449C-A959-1F56FDA9C3B4}
	EndGlobalSection
EndGlobal
